
Microsoft Visual Studio Solution File, Format Version 12.00
# Visual Studio Version 17
VisualStudioVersion = 17.1.32328.378
MinimumVisualStudioVersion = 10.0.40219.1
Project("{FAE04EC0-301F-11D3-BF4B-00C04F79EFBC}") = "MvcMovie", "MvcMovie.csproj", "{9CBB9965-CD77-4233-B99F-398416CBA85F}"
EndProject
Global
	GlobalSection(SolutionConfigurationPlatforms) = preSolution
		Debug|Any CPU = Debug|Any CPU
		Release|Any CPU = Release|Any CPU
	EndGlobalSection
	GlobalSection(ProjectConfigurationPlatforms) = postSolution
		{9CBB9965-CD77-4233-B99F-398416CBA85F}.Debug|Any CPU.ActiveCfg = Debug|Any CPU
		{9CBB9965-CD77-4233-B99F-398416CBA85F}.Debug|Any CPU.Build.0 = Debug|Any CPU
		{9CBB9965-CD77-4233-B99F-398416CBA85F}.Release|Any CPU.ActiveCfg = Release|Any CPU
		{9CBB9965-CD77-4233-B99F-398416CBA85F}.Release|Any CPU.Build.0 = Release|Any CPU
	EndGlobalSection
	GlobalSection(SolutionProperties) = preSolution
		HideSolutionNode = FALSE
	EndGlobalSection
	GlobalSection(ExtensibilityGlobals) = postSolution
		SolutionGuid = {87717CED-F146-4476-8CB5-41E3E622F59B}
	EndGlobalSection
EndGlobal
